{
  "name": "gha-git-credentials",
  "version": "1.0.0",
  "lockfileVersion": 1,
  "requires": true,
  "dependencies": {
    "@zeit/ncc": {
      "version": "0.21.1",
      "resolved": "https://registry.npmjs.org/@zeit/ncc/-/ncc-0.21.1.tgz",
      "integrity": "sha512-M9WzgquSOt2nsjRkYM9LRylBLmmlwNCwYbm3Up3PDEshfvdmIfqpFNSK8EJvR18NwZjGHE5z2avlDtYQx2JQnw==",
      "dev": true
    }
  }
}
